<?xml version="1.0" encoding="utf-8"?>
<Project ToolsVersion="4.0" xmlns="http://schemas.microsoft.com/developer/msbuild/2003">
  <ItemGroup>
    <Filter Include="Source files">
      <UniqueIdentifier>{5f22487c-0a96-4bdc-902d-20bfed98dc59}</UniqueIdentifier>
      <Extensions>cpp;c;cc;cxx;def;odl;idl;hpj;bat;asm;asmx</Extensions>
    </Filter>
    <Filter Include="Source files\Core">
      <UniqueIdentifier>{5da03db9-166f-4e92-81c2-4ca2b2752edb}</UniqueIdentifier>
    </Filter>
    <Filter Include="Source files\Core\Inc">
      <UniqueIdentifier>{35c258a4-f1e7-49fb-bd55-5b6118898e51}</UniqueIdentifier>
    </Filter>
    <Filter Include="Source files\Core\Src">
      <UniqueIdentifier>{d7c5daf9-bf47-4a90-9c8b-d80ffab2aee0}</UniqueIdentifier>
    </Filter>
    <Filter Include="Source files\Core\Startup">
      <UniqueIdentifier>{20a8ff39-0ecd-4d1c-a04e-623d1c36ba3e}</UniqueIdentifier>
    </Filter>
    <Filter Include="Source files\Drivers">
      <UniqueIdentifier>{25483a15-a715-45e1-a2f5-b4504830d022}</UniqueIdentifier>
    </Filter>
    <Filter Include="Source files\Drivers\CMSIS">
      <UniqueIdentifier>{a5bf744f-50b1-4337-aacc-5d50ca06dcf7}</UniqueIdentifier>
    </Filter>
    <Filter Include="Source files\Device-specific files">
      <UniqueIdentifier>{0db33331-a02f-42b0-b384-24a52f928a00}</UniqueIdentifier>
    </Filter>
    <Filter Include="VisualGDB settings">
      <UniqueIdentifier>{aed3e481-cc5f-45d7-85bc-bfed69f0ff63}</UniqueIdentifier>
      <Extensions>vgdbsettings</Extensions>
    </Filter>
    <Filter Include="Core">
      <UniqueIdentifier>{678e3485-987c-4163-aa7b-390ec69d0be3}</UniqueIdentifier>
    </Filter>
    <Filter Include="Core\Inc">
      <UniqueIdentifier>{86f90d8e-0221-4be7-b175-09a9b2fddc96}</UniqueIdentifier>
    </Filter>
    <Filter Include="Core\Src">
      <UniqueIdentifier>{fbdb9b98-3891-4464-9590-7016ea34ffef}</UniqueIdentifier>
    </Filter>
    <Filter Include="Core\Startup">
      <UniqueIdentifier>{e6a584c1-83b6-4205-9b8d-2c9f0e8ce90b}</UniqueIdentifier>
    </Filter>
    <Filter Include="Drivers">
      <UniqueIdentifier>{0255fae0-ad32-4e74-b393-52a4dae58957}</UniqueIdentifier>
    </Filter>
    <Filter Include="Drivers\CMSIS">
      <UniqueIdentifier>{a05cb3aa-09fd-4c2c-b802-a7f2d73b1eea}</UniqueIdentifier>
    </Filter>
  </ItemGroup>
  <ItemGroup>
    <ClInclude Include="..\..\Core\Inc\main.h">
      <Filter>Source files\Core\Inc</Filter>
    </ClInclude>
    <ClInclude Include="..\..\Drivers\CMSIS\cmsis_armcc.h">
      <Filter>Source files\Drivers\CMSIS</Filter>
    </ClInclude>
    <ClInclude Include="..\..\Drivers\CMSIS\cmsis_armclang.h">
      <Filter>Source files\Drivers\CMSIS</Filter>
    </ClInclude>
    <ClInclude Include="..\..\Drivers\CMSIS\cmsis_compiler.h">
      <Filter>Source files\Drivers\CMSIS</Filter>
    </ClInclude>
    <ClInclude Include="..\..\Drivers\CMSIS\cmsis_gcc.h">
      <Filter>Source files\Drivers\CMSIS</Filter>
    </ClInclude>
    <ClInclude Include="..\..\Drivers\CMSIS\cmsis_iccarm.h">
      <Filter>Source files\Drivers\CMSIS</Filter>
    </ClInclude>
    <ClInclude Include="..\..\Drivers\CMSIS\cmsis_version.h">
      <Filter>Source files\Drivers\CMSIS</Filter>
    </ClInclude>
    <ClInclude Include="..\..\Drivers\CMSIS\core_armv8mbl.h">
      <Filter>Source files\Drivers\CMSIS</Filter>
    </ClInclude>
    <ClInclude Include="..\..\Drivers\CMSIS\core_armv8mml.h">
      <Filter>Source files\Drivers\CMSIS</Filter>
    </ClInclude>
    <ClInclude Include="..\..\Drivers\CMSIS\core_cm0.h">
      <Filter>Source files\Drivers\CMSIS</Filter>
    </ClInclude>
    <ClInclude Include="..\..\Drivers\CMSIS\core_cm0plus.h">
      <Filter>Source files\Drivers\CMSIS</Filter>
    </ClInclude>
    <ClInclude Include="..\..\Drivers\CMSIS\core_cm1.h">
      <Filter>Source files\Drivers\CMSIS</Filter>
    </ClInclude>
    <ClInclude Include="..\..\Drivers\CMSIS\core_cm23.h">
      <Filter>Source files\Drivers\CMSIS</Filter>
    </ClInclude>
    <ClInclude Include="..\..\Drivers\CMSIS\core_cm3.h">
      <Filter>Source files\Drivers\CMSIS</Filter>
    </ClInclude>
    <ClInclude Include="..\..\Drivers\CMSIS\core_cm33.h">
      <Filter>Source files\Drivers\CMSIS</Filter>
    </ClInclude>
    <ClInclude Include="..\..\Drivers\CMSIS\core_cm4.h">
      <Filter>Source files\Drivers\CMSIS</Filter>
    </ClInclude>
    <ClInclude Include="..\..\Drivers\CMSIS\core_cm7.h">
      <Filter>Source files\Drivers\CMSIS</Filter>
    </ClInclude>
    <ClInclude Include="..\..\Drivers\CMSIS\core_sc000.h">
      <Filter>Source files\Drivers\CMSIS</Filter>
    </ClInclude>
    <ClInclude Include="..\..\Drivers\CMSIS\core_sc300.h">
      <Filter>Source files\Drivers\CMSIS</Filter>
    </ClInclude>
    <ClInclude Include="..\..\Drivers\CMSIS\mpu_armv7.h">
      <Filter>Source files\Drivers\CMSIS</Filter>
    </ClInclude>
    <ClInclude Include="..\..\Drivers\CMSIS\mpu_armv8.h">
      <Filter>Source files\Drivers\CMSIS</Filter>
    </ClInclude>
    <ClInclude Include="..\..\Drivers\CMSIS\stm32f103xb.h">
      <Filter>Source files\Drivers\CMSIS</Filter>
    </ClInclude>
    <ClInclude Include="..\..\Drivers\CMSIS\stm32f1xx.h">
      <Filter>Source files\Drivers\CMSIS</Filter>
    </ClInclude>
    <ClInclude Include="..\..\Drivers\CMSIS\system_stm32f1xx.h">
      <Filter>Source files\Drivers\CMSIS</Filter>
    </ClInclude>
    <ClInclude Include="..\..\Drivers\CMSIS\tz_context.h">
      <Filter>Source files\Drivers\CMSIS</Filter>
    </ClInclude>
    <ClInclude Include="..\..\Core\Inc\stm32f103xx_CMSIS.h">
      <Filter>Source files\Core\Inc</Filter>
    </ClInclude>
    <ClInclude Include="..\..\Core\Inc\SEGA_gamepad.h">
      <Filter>Source files\Core\Inc</Filter>
    </ClInclude>
  </ItemGroup>
  <ItemGroup>
    <ClCompile Include="..\..\Core\Src\main.c">
      <Filter>Source files\Core\Src</Filter>
    </ClCompile>
    <ClCompile Include="..\..\Core\Src\syscalls.c">
      <Filter>Source files\Core\Src</Filter>
    </ClCompile>
    <ClCompile Include="..\..\Core\Src\sysmem.c">
      <Filter>Source files\Core\Src</Filter>
    </ClCompile>
    <ClCompile Include="..\..\Core\Src\system_stm32f1xx.c">
      <Filter>Source files\Core\Src</Filter>
    </ClCompile>
    <ClCompile Include="..\..\Core\Startup\startup_stm32f103c8tx.S">
      <Filter>Source files\Core\Startup</Filter>
    </ClCompile>
    <ClCompile Include="..\..\Core\Src\stm32f103xx_CMSIS.c">
      <Filter>Source files\Core\Src</Filter>
    </ClCompile>
    <ClCompile Include="..\..\Core\Src\SEGA_gamepad.c">
      <Filter>Source files\Core\Src</Filter>
    </ClCompile>
  </ItemGroup>
  <ItemGroup>
    <None Include="stm32.props">
      <Filter>Source files\Device-specific files</Filter>
    </None>
    <None Include="SEGA_test-Debug.vgdbsettings">
      <Filter>VisualGDB settings</Filter>
    </None>
    <None Include="SEGA_test-Release.vgdbsettings">
      <Filter>VisualGDB settings</Filter>
    </None>
  </ItemGroup>
  <ItemGroup>
    <Xml Include="stm32.xml">
      <Filter>VisualGDB settings</Filter>
    </Xml>
  </ItemGroup>
</Project>